// !$*UTF8*$!
{
	archiveVersion = 1;
	classes = {
	};
	objectVersion = 46;
	objects = {

/* Begin PBXBuildFile section */
		AA56AA5D1C65A5E80026F79D /* Weather.swift in Sources */ = {isa = PBXBuildFile; fileRef = AA56AA5C1C65A5E80026F79D /* Weather.swift */; };
		AA7FC19B1C5C6AE40068F0AB /* AppDelegate.swift in Sources */ = {isa = PBXBuildFile; fileRef = AA7FC19A1C5C6AE40068F0AB /* AppDelegate.swift */; };
		AA7FC19D1C5C6AE40068F0AB /* ViewController.swift in Sources */ = {isa = PBXBuildFile; fileRef = AA7FC19C1C5C6AE40068F0AB /* ViewController.swift */; };
		AA7FC1A01C5C6AE40068F0AB /* Main.storyboard in Resources */ = {isa = PBXBuildFile; fileRef = AA7FC19E1C5C6AE40068F0AB /* Main.storyboard */; };
		AA7FC1A21C5C6AE40068F0AB /* Assets.xcassets in Resources */ = {isa = PBXBuildFile; fileRef = AA7FC1A11C5C6AE40068F0AB /* Assets.xcassets */; };
		AA7FC1A51C5C6AE40068F0AB /* LaunchScreen.storyboard in Resources */ = {isa = PBXBuildFile; fileRef = AA7FC1A31C5C6AE40068F0AB /* LaunchScreen.storyboard */; };
		AAE1F71B1C64537200A3034C /* WeatherService.swift in Sources */ = {isa = PBXBuildFile; fileRef = AAE1F71A1C64537200A3034C /* WeatherService.swift */; };
/* End PBXBuildFile section */

/* Begin PBXFileReference section */
		AA56AA5C1C65A5E80026F79D /* Weather.swift */ = {isa = PBXFileReference; fileEncoding = 4; lastKnownFileType = sourcecode.swift; path = Weather.swift; sourceTree = "<group>"; };
		AA7FC1971C5C6AE30068F0AB /* Weather App.app */ = {isa = PBXFileReference; explicitFileType = wrapper.application; includeInIndex = 0; path = "Weather App.app"; sourceTree = BUILT_PRODUCTS_DIR; };
		AA7FC19A1C5C6AE40068F0AB /* AppDelegate.swift */ = {isa = PBXFileReference; lastKnownFileType = sourcecode.swift; path = AppDelegate.swift; sourceTree = "<group>"; };
		AA7FC19C1C5C6AE40068F0AB /* ViewController.swift */ = {isa = PBXFileReference; lastKnownFileType = sourcecode.swift; path = ViewController.swift; sourceTree = "<group>"; };
		AA7FC19F1C5C6AE40068F0AB /* Base */ = {isa = PBXFileReference; lastKnownFileType = file.storyboard; name = Base; path = Base.lproj/Main.storyboard; sourceTree = "<group>"; };
		AA7FC1A11C5C6AE40068F0AB /* Assets.xcassets */ = {isa = PBXFileReference; lastKnownFileType = folder.assetcatalog; path = Assets.xcassets; sourceTree = "<group>"; };
		AA7FC1A41C5C6AE40068F0AB /* Base */ = {isa = PBXFileReference; lastKnownFileType = file.storyboard; name = Base; path = Base.lproj/LaunchScreen.storyboard; sourceTree = "<group>"; };
		AA7FC1A61C5C6AE40068F0AB /* Info.plist */ = {isa = PBXFileReference; lastKnownFileType = text.plist.xml; path = Info.plist; sourceTree = "<group>"; };
		AAE1F71A1C64537200A3034C /* WeatherService.swift */ = {isa = PBXFileReference; fileEncoding = 4; lastKnownFileType = sourcecode.swift; name = WeatherService.swift; path = ../WeatherService.swift; sourceTree = "<group>"; };
/* End PBXFileReference section */

/* Begin PBXFrameworksBuildPhase section */
		AA7FC1941C5C6AE30068F0AB /* Frameworks */ = {
			isa = PBXFrameworksBuildPhase;
			buildActionMask = 2147483647;
			files = (
			);
			runOnlyForDeploymentPostprocessing = 0;
		};
/* End PBXFrameworksBuildPhase section */

/* Begin PBXGroup section */
		AA7FC18E1C5C6AE30068F0AB = {
			isa = PBXGroup;
			children = (
				AA7FC1991C5C6AE30068F0AB /* Weather App */,
				AA7FC1981C5C6AE30068F0AB /* Products */,
			);
			sourceTree = "<group>";
		};
		AA7FC1981C5C6AE30068F0AB /* Products */ = {
			isa = PBXGroup;
			children = (
				AA7FC1971C5C6AE30068F0AB /* Weather App.app */,
			);
			name = Products;
			sourceTree = "<group>";
		};
		AA7FC1991C5C6AE30068F0AB /* Weather App */ = {
			isa = PBXGroup;
			children = (
				AAE1F71A1C64537200A3034C /* WeatherService.swift */,
				AA7FC19A1C5C6AE40068F0AB /* AppDelegate.swift */,
				AA7FC19C1C5C6AE40068F0AB /* ViewController.swift */,
				AA56AA5C1C65A5E80026F79D /* Weather.swift */,
				AA7FC19E1C5C6AE40068F0AB /* Main.storyboard */,
				AA7FC1A11C5C6AE40068F0AB /* Assets.xcassets */,
				AA7FC1A31C5C6AE40068F0AB /* LaunchScreen.storyboard */,
				AA7FC1A61C5C6AE40068F0AB /* Info.plist */,
			);
			path = "Weather App";
			sourceTree = "<group>";
		};
/* End PBXGroup section */

/* Begin PBXNativeTarget section */
		AA7FC1961C5C6AE30068F0AB /* Weather App */ = {
			isa = PBXNativeTarget;
			buildConfigurationList = AA7FC1A91C5C6AE40068F0AB /* Build configuration list for PBXNativeTarget "Weather App" */;
			buildPhases = (
				AA7FC1931C5C6AE30068F0AB /* Sources */,
				AA7FC1941C5C6AE30068F0AB /* Frameworks */,
				AA7FC1951C5C6AE30068F0AB /* Resources */,
			);
			buildRules = (
			);
			dependencies = (
			);
			name = "Weather App";
			productName = "Weather App";
			productReference = AA7FC1971C5C6AE30068F0AB /* Weather App.app */;
			productType = "com.apple.product-type.application";
		};
/* End PBXNativeTarget section */

/* Begin PBXProject section */
		AA7FC18F1C5C6AE30068F0AB /* Project object */ = {
			isa = PBXProject;
			attributes = {
				LastSwiftUpdateCheck = 0720;
				LastUpgradeCheck = 0720;
				ORGANIZATIONNAME = KazimReza;
				TargetAttributes = {
					AA7FC1961C5C6AE30068F0AB = {
						CreatedOnToolsVersion = 7.2;
					};
				};
			};
			buildConfigurationList = AA7FC1921C5C6AE30068F0AB /* Build configuration list for PBXProject "Weather App" */;
			compatibilityVersion = "Xcode 3.2";
			developmentRegion = English;
			hasScannedForEncodings = 0;
			knownRegions = (
				en,
				Base,
			);
			mainGroup = AA7FC18E1C5C6AE30068F0AB;
			productRefGroup = AA7FC1981C5C6AE30068F0AB /* Products */;
			projectDirPath = "";
			projectRoot = "";
			targets = (
				AA7FC1961C5C6AE30068F0AB /* Weather App */,
			);
		};
/* End PBXProject section */

/* Begin PBXResourcesBuildPhase section */
		AA7FC1951C5C6AE30068F0AB /* Resources */ = {
			isa = PBXResourcesBuildPhase;
			buildActionMask = 2147483647;
			files = (
				AA7FC1A51C5C6AE40068F0AB /* LaunchScreen.storyboard in Resources */,
				AA7FC1A21C5C6AE40068F0AB /* Assets.xcassets in Resources */,
				AA7FC1A01C5C6AE40068F0AB /* Main.storyboard in Resources */,
			);
			runOnlyForDeploymentPostprocessing = 0;
		};
/* End PBXResourcesBuildPhase section */

/* Begin PBXSourcesBuildPhase section */
		AA7FC1931C5C6AE30068F0AB /* Sources */ = {
			isa = PBXSourcesBuildPhase;
			buildActionMask = 2147483647;
			files = (
				AA56AA5D1C65A5E80026F79D /* Weather.swift in Sources */,
				AA7FC19D1C5C6AE40068F0AB /* ViewController.swift in Sources */,
				AAE1F71B1C64537200A3034C /* WeatherService.swift in Sources */,
				AA7FC19B1C5C6AE40068F0AB /* AppDelegate.swift in Sources */,
			);
			runOnlyForDeploymentPostprocessing = 0;
		};
/* End PBXSourcesBuildPhase section */

/* Begin PBXVariantGroup section */
		AA7FC19E1C5C6AE40068F0AB /* Main.storyboard */ = {
			isa = PBXVariantGroup;
			children = (
				AA7FC19F1C5C6AE40068F0AB /* Base */,
			);
			name = Main.storyboard;
			sourceTree = "<group>";
		};
		AA7FC1A31C5C6AE40068F0AB /* LaunchScreen.storyboard */ = {
			isa = PBXVariantGroup;
			children = (
				AA7FC1A41C5C6AE40068F0AB /* Base */,
			);
			name = LaunchScreen.storyboard;
			sourceTree = "<group>";
		};
/* End PBXVariantGroup section */

/* Begin XCBuildConfiguration section */
		AA7FC1A71C5C6AE40068F0AB /* Debug */ = {
			isa = XCBuildConfiguration;
			buildSettings = {
				ALWAYS_SEARCH_USER_PATHS = NO;
				CLANG_CXX_LANGUAGE_STANDARD = "gnu++0x";
				CLANG_CXX_LIBRARY = "libc++";
				CLANG_ENABLE_MODULES = YES;
				CLANG_ENABLE_OBJC_ARC = YES;
				CLANG_WARN_BOOL_CONVERSION = YES;
				CLANG_WARN_CONSTANT_CONVERSION = YES;
				CLANG_WARN_DIRECT_OBJC_ISA_USAGE = YES_ERROR;
				CLANG_WARN_EMPTY_BODY = YES;
				CLANG_WARN_ENUM_CONVERSION = YES;
				CLANG_WARN_INT_CONVERSION = YES;
				CLANG_WARN_OBJC_ROOT_CLASS = YES_ERROR;
				CLANG_WARN_UNREACHABLE_CODE = YES;
				CLANG_WARN__DUPLICATE_METHOD_MATCH = YES;
				"CODE_SIGN_IDENTITY[sdk=iphoneos*]" = "iPhone Developer";
				COPY_PHASE_STRIP = NO;
				DEBUG_INFORMATION_FORMAT = dwarf;
				ENABLE_STRICT_OBJC_MSGSEND = YES;
				ENABLE_TESTABILITY = YES;
				GCC_C_LANGUAGE_STANDARD = gnu99;
				GCC_DYNAMIC_NO_PIC = NO;
				GCC_NO_COMMON_BLOCKS = YES;
				GCC_OPTIMIZATION_LEVEL = 0;
				GCC_PREPROCESSOR_DEFINITIONS = (
					"DEBUG=1",
					"$(inherited)",
				);
				GCC_WARN_64_TO_32_BIT_CONVERSION = YES;
				GCC_WARN_ABOUT_RETURN_TYPE = YES_ERROR;
				GCC_WARN_UNDECLARED_SELECTOR = YES;
				GCC_WARN_UNINITIALIZED_AUTOS = YES_AGGRESSIVE;
				GCC_WARN_UNUSED_FUNCTION = YES;
				GCC_WARN_UNUSED_VARIABLE = YES;
				IPHONEOS_DEPLOYMENT_TARGET = 9.2;
				MTL_ENABLE_DEBUG_INFO = YES;
				ONLY_ACTIVE_ARCH = YES;
				SDKROOT = iphoneos;
				SWIFT_OPTIMIZATION_LEVEL = "-Onone";
				TARGETED_DEVICE_FAMILY = "1,2";
			};
			name = Debug;
		};
		AA7FC1A81C5C6AE40068F0AB /* Release */ = {
			isa = XCBuildConfiguration;
			buildSettings = {
				ALWAYS_SEARCH_USER_PATHS = NO;
				CLANG_CXX_LANGUAGE_STANDARD = "gnu++0x";
				CLANG_CXX_LIBRARY = "libc++";
				CLANG_ENABLE_MODULES = YES;
				CLANG_ENABLE_OBJC_ARC = YES;
				CLANG_WARN_BOOL_CONVERSION = YES;
				CLANG_WARN_CONSTANT_CONVERSION = YES;
				CLANG_WARN_DIRECT_OBJC_ISA_USAGE = YES_ERROR;
				CLANG_WARN_EMPTY_BODY = YES;
				CLANG_WARN_ENUM_CONVERSION = YES;
				CLANG_WARN_INT_CONVERSION = YES;
				CLANG_WARN_OBJC_ROOT_CLASS = YES_ERROR;
				CLANG_WARN_UNREACHABLE_CODE = YES;
				CLANG_WARN__DUPLICATE_METHOD_MATCH = YES;
				"CODE_SIGN_IDENTITY[sdk=iphoneos*]" = "iPhone Developer";
				COPY_PHASE_STRIP = NO;
				DEBUG_INFORMATION_FORMAT = "dwarf-with-dsym";
				ENABLE_NS_ASSERTIONS = NO;
				ENABLE_STRICT_OBJC_MSGSEND = YES;
				GCC_C_LANGUAGE_STANDARD = gnu99;
				GCC_NO_COMMON_BLOCKS = YES;
				GCC_WARN_64_TO_32_BIT_CONVERSION = YES;
				GCC_WARN_ABOUT_RETURN_TYPE = YES_ERROR;
				GCC_WARN_UNDECLARED_SELECTOR = YES;
				GCC_WARN_UNINITIALIZED_AUTOS = YES_AGGRESSIVE;
				GCC_WARN_UNUSED_FUNCTION = YES;
				GCC_WARN_UNUSED_VARIABLE = YES;
				IPHONEOS_DEPLOYMENT_TARGET = 9.2;
				MTL_ENABLE_DEBUG_INFO = NO;
				SDKROOT = iphoneos;
				TARGETED_DEVICE_FAMILY = "1,2";
				VALIDATE_PRODUCT = YES;
			};
			name = Release;
		};
		AA7FC1AA1C5C6AE40068F0AB /* Debug */ = {
			isa = XCBuildConfiguration;
			buildSettings = {
				ASSETCATALOG_COMPILER_APPICON_NAME = AppIcon;
				INFOPLIST_FILE = "Weather App/Info.plist";
				LD_RUNPATH_SEARCH_PATHS = "$(inherited) @executable_path/Frameworks";
				PRODUCT_BUNDLE_IDENTIFIER = "com.KR.WeatherApp.Weather-App";
				PRODUCT_NAME = "$(TARGET_NAME)";
			};
			name = Debug;
		};
		AA7FC1AB1C5C6AE40068F0AB /* Release */ = {
			isa = XCBuildConfiguration;
			buildSettings = {
				ASSETCATALOG_COMPILER_APPICON_NAME = AppIcon;
				INFOPLIST_FILE = "Weather App/Info.plist";
				LD_RUNPATH_SEARCH_PATHS = "$(inherited) @executable_path/Frameworks";
				PRODUCT_BUNDLE_IDENTIFIER = "com.KR.WeatherApp.Weather-App";
				PRODUCT_NAME = "$(TARGET_NAME)";
			};
			name = Release;
		};
/* End XCBuildConfiguration section */

/* Begin XCConfigurationList section */
		AA7FC1921C5C6AE30068F0AB /* Build configuration list for PBXProject "Weather App" */ = {
			isa = XCConfigurationList;
			buildConfigurations = (
				AA7FC1A71C5C6AE40068F0AB /* Debug */,
				AA7FC1A81C5C6AE40068F0AB /* Release */,
			);
			defaultConfigurationIsVisible = 0;
			defaultConfigurationName = Release;
		};
		AA7FC1A91C5C6AE40068F0AB /* Build configuration list for PBXNativeTarget "Weather App" */ = {
			isa = XCConfigurationList;
			buildConfigurations = (
				AA7FC1AA1C5C6AE40068F0AB /* Debug */,
				AA7FC1AB1C5C6AE40068F0AB /* Release */,
			);
			defaultConfigurationIsVisible = 0;
			defaultConfigurationName = Release;
		};
/* End XCConfigurationList section */
	};
	rootObject = AA7FC18F1C5C6AE30068F0AB /* Project object */;
}
